
Microsoft Visual Studio Solution File, Format Version 9.00
# Visual Studio 2005
Project("{FAE04EC0-301F-11D3-BF4B-00C04F79EFBC}") = "ProjectM.HUD", "ProjectM.HUD.csproj", "{EDE4A18A-3820-43F6-B6B6-D89F8EDF0941}"
EndProject
Global
	GlobalSection(SolutionConfigurationPlatforms) = preSolution
		Debug|Any CPU = Debug|Any CPU
		Release|Any CPU = Release|Any CPU
	EndGlobalSection
	GlobalSection(ProjectConfigurationPlatforms) = postSolution
		{EDE4A18A-3820-43F6-B6B6-D89F8EDF0941}.Debug|Any CPU.ActiveCfg = Debug|Any CPU
		{EDE4A18A-3820-43F6-B6B6-D89F8EDF0941}.Debug|Any CPU.Build.0 = Debug|Any CPU
		{EDE4A18A-3820-43F6-B6B6-D89F8EDF0941}.Release|Any CPU.ActiveCfg = Release|Any CPU
		{EDE4A18A-3820-43F6-B6B6-D89F8EDF0941}.Release|Any CPU.Build.0 = Release|Any CPU
	EndGlobalSection
	GlobalSection(SolutionProperties) = preSolution
		HideSolutionNode = FALSE
	EndGlobalSection
EndGlobal
