
Microsoft Visual Studio Solution File, Format Version 9.00
# Visual Studio 2005
Project("{FAE04EC0-301F-11D3-BF4B-00C04F79EFBC}") = "ProjectM.CastleBuilding.Systems", "ProjectM.CastleBuilding.Systems.csproj", "{BEE99BB8-967F-46F1-9C3A-52AEBA37A499}"
EndProject
Global
	GlobalSection(SolutionConfigurationPlatforms) = preSolution
		Debug|Any CPU = Debug|Any CPU
		Release|Any CPU = Release|Any CPU
	EndGlobalSection
	GlobalSection(ProjectConfigurationPlatforms) = postSolution
		{BEE99BB8-967F-46F1-9C3A-52AEBA37A499}.Debug|Any CPU.ActiveCfg = Debug|Any CPU
		{BEE99BB8-967F-46F1-9C3A-52AEBA37A499}.Debug|Any CPU.Build.0 = Debug|Any CPU
		{BEE99BB8-967F-46F1-9C3A-52AEBA37A499}.Release|Any CPU.ActiveCfg = Release|Any CPU
		{BEE99BB8-967F-46F1-9C3A-52AEBA37A499}.Release|Any CPU.Build.0 = Release|Any CPU
	EndGlobalSection
	GlobalSection(SolutionProperties) = preSolution
		HideSolutionNode = FALSE
	EndGlobalSection
EndGlobal
